
Microsoft Visual Studio Solution File, Format Version 12.00
# Visual Studio 2012
Project("{E24C65DC-7377-472B-9ABA-BC803B73C61A}") = "WebSite6", "http://localhost:58551", "{FC8C899B-4D59-4E96-9611-F2973A4CBB5E}"
	ProjectSection(WebsiteProperties) = preProject
		UseIISExpress = "true"
		TargetFrameworkMoniker = ".NETFramework,Version%3Dv4.5"
		ProjectReferences = "{7ff3d46d-cf87-481d-8600-94d987b18a21}|Library2.dll;"
		Debug.AspNetCompiler.VirtualPath = "/localhost_58551"
		Debug.AspNetCompiler.PhysicalPath = "..\..\WebSites\WebSite6\"
		Debug.AspNetCompiler.TargetPath = "PrecompiledWeb\localhost_58551\"
		Debug.AspNetCompiler.Updateable = "true"
		Debug.AspNetCompiler.ForceOverwrite = "true"
		Debug.AspNetCompiler.FixedNames = "false"
		Debug.AspNetCompiler.Debug = "True"
		Release.AspNetCompiler.VirtualPath = "/localhost_58551"
		Release.AspNetCompiler.PhysicalPath = "..\..\WebSites\WebSite6\"
		Release.AspNetCompiler.TargetPath = "PrecompiledWeb\localhost_58551\"
		Release.AspNetCompiler.Updateable = "true"
		Release.AspNetCompiler.ForceOverwrite = "true"
		Release.AspNetCompiler.FixedNames = "false"
		Release.AspNetCompiler.Debug = "False"
		SlnRelativePath = "..\..\WebSites\WebSite6\"
		DefaultWebSiteLanguage = "Visual C#"
	EndProjectSection
EndProject
Project("{F2A71F9B-5D33-465A-A702-920D77279786}") = "Library2", "Library2\Library2.fsproj", "{7FF3D46D-CF87-481D-8600-94D987B18A21}"
EndProject
Global
	GlobalSection(SolutionConfigurationPlatforms) = preSolution
		Debug|Any CPU = Debug|Any CPU
		Release|Any CPU = Release|Any CPU
	EndGlobalSection
	GlobalSection(ProjectConfigurationPlatforms) = postSolution
		{FC8C899B-4D59-4E96-9611-F2973A4CBB5E}.Debug|Any CPU.ActiveCfg = Debug|Any CPU
		{FC8C899B-4D59-4E96-9611-F2973A4CBB5E}.Debug|Any CPU.Build.0 = Debug|Any CPU
		{FC8C899B-4D59-4E96-9611-F2973A4CBB5E}.Release|Any CPU.ActiveCfg = Debug|Any CPU
		{FC8C899B-4D59-4E96-9611-F2973A4CBB5E}.Release|Any CPU.Build.0 = Debug|Any CPU
		{7FF3D46D-CF87-481D-8600-94D987B18A21}.Debug|Any CPU.ActiveCfg = Debug|Any CPU
		{7FF3D46D-CF87-481D-8600-94D987B18A21}.Debug|Any CPU.Build.0 = Debug|Any CPU
		{7FF3D46D-CF87-481D-8600-94D987B18A21}.Release|Any CPU.ActiveCfg = Release|Any CPU
		{7FF3D46D-CF87-481D-8600-94D987B18A21}.Release|Any CPU.Build.0 = Release|Any CPU
	EndGlobalSection
	GlobalSection(SolutionProperties) = preSolution
		HideSolutionNode = FALSE
	EndGlobalSection
EndGlobal
